
Microsoft Visual Studio Solution File, Format Version 12.00
# Visual Studio 15
VisualStudioVersion = 15.0.27703.2042
MinimumVisualStudioVersion = 10.0.40219.1
Project("{8BC9CEB8-8B4A-11D0-8D11-00A0C91BC942}") = "tgs_1", "tgs_1\tgs_1.vcxproj", "{BBE43980-67F0-47C7-9EF5-ACD99F1872D2}"
EndProject
Global
	GlobalSection(SolutionConfigurationPlatforms) = preSolution
		Debug|x64 = Debug|x64
		Debug|x86 = Debug|x86
		Release|x64 = Release|x64
		Release|x86 = Release|x86
	EndGlobalSection
	GlobalSection(ProjectConfigurationPlatforms) = postSolution
		{BBE43980-67F0-47C7-9EF5-ACD99F1872D2}.Debug|x64.ActiveCfg = Debug|x64
		{BBE43980-67F0-47C7-9EF5-ACD99F1872D2}.Debug|x64.Build.0 = Debug|x64
		{BBE43980-67F0-47C7-9EF5-ACD99F1872D2}.Debug|x86.ActiveCfg = Debug|Win32
		{BBE43980-67F0-47C7-9EF5-ACD99F1872D2}.Debug|x86.Build.0 = Debug|Win32
		{BBE43980-67F0-47C7-9EF5-ACD99F1872D2}.Release|x64.ActiveCfg = Release|x64
		{BBE43980-67F0-47C7-9EF5-ACD99F1872D2}.Release|x64.Build.0 = Release|x64
		{BBE43980-67F0-47C7-9EF5-ACD99F1872D2}.Release|x86.ActiveCfg = Release|Win32
		{BBE43980-67F0-47C7-9EF5-ACD99F1872D2}.Release|x86.Build.0 = Release|Win32
	EndGlobalSection
	GlobalSection(SolutionProperties) = preSolution
		HideSolutionNode = FALSE
	EndGlobalSection
	GlobalSection(ExtensibilityGlobals) = postSolution
		SolutionGuid = {391E38F0-533C-4C6A-84CC-7C34207417B9}
	EndGlobalSection
EndGlobal
